
Microsoft Visual Studio Solution File, Format Version 12.00
# Visual Studio Version 17
VisualStudioVersion = 17.2.32630.192
MinimumVisualStudioVersion = 10.0.40219.1
Project("{FAE04EC0-301F-11D3-BF4B-00C04F79EFBC}") = "Definition of delay", "Definition of delay\Definition of delay.csproj", "{24D18A03-C70B-499D-BEC3-93E1889FCF44}"
EndProject
Global
	GlobalSection(SolutionConfigurationPlatforms) = preSolution
		Debug|Any CPU = Debug|Any CPU
		Release|Any CPU = Release|Any CPU
	EndGlobalSection
	GlobalSection(ProjectConfigurationPlatforms) = postSolution
		{24D18A03-C70B-499D-BEC3-93E1889FCF44}.Debug|Any CPU.ActiveCfg = Debug|Any CPU
		{24D18A03-C70B-499D-BEC3-93E1889FCF44}.Debug|Any CPU.Build.0 = Debug|Any CPU
		{24D18A03-C70B-499D-BEC3-93E1889FCF44}.Release|Any CPU.ActiveCfg = Release|Any CPU
		{24D18A03-C70B-499D-BEC3-93E1889FCF44}.Release|Any CPU.Build.0 = Release|Any CPU
	EndGlobalSection
	GlobalSection(SolutionProperties) = preSolution
		HideSolutionNode = FALSE
	EndGlobalSection
	GlobalSection(ExtensibilityGlobals) = postSolution
		SolutionGuid = {77D53183-42AD-46D5-BC1A-6D9192962FD7}
	EndGlobalSection
EndGlobal
